
Microsoft Visual Studio Solution File, Format Version 12.00
# Visual Studio 15
VisualStudioVersion = 15.0.28307.329
MinimumVisualStudioVersion = 10.0.40219.1
Project("{FAE04EC0-301F-11D3-BF4B-00C04F79EFBC}") = "ListaVendas", "ListaVendas\ListaVendas.csproj", "{2CC1904C-3741-4EB4-A66D-46BF08FC1DED}"
EndProject
Global
	GlobalSection(SolutionConfigurationPlatforms) = preSolution
		Debug|Any CPU = Debug|Any CPU
		Release|Any CPU = Release|Any CPU
	EndGlobalSection
	GlobalSection(ProjectConfigurationPlatforms) = postSolution
		{2CC1904C-3741-4EB4-A66D-46BF08FC1DED}.Debug|Any CPU.ActiveCfg = Debug|Any CPU
		{2CC1904C-3741-4EB4-A66D-46BF08FC1DED}.Debug|Any CPU.Build.0 = Debug|Any CPU
		{2CC1904C-3741-4EB4-A66D-46BF08FC1DED}.Release|Any CPU.ActiveCfg = Release|Any CPU
		{2CC1904C-3741-4EB4-A66D-46BF08FC1DED}.Release|Any CPU.Build.0 = Release|Any CPU
	EndGlobalSection
	GlobalSection(SolutionProperties) = preSolution
		HideSolutionNode = FALSE
	EndGlobalSection
	GlobalSection(ExtensibilityGlobals) = postSolution
		SolutionGuid = {678A7EFA-9240-49FD-A44F-5C5CFE9A45F1}
	EndGlobalSection
EndGlobal
